
Microsoft Visual Studio Solution File, Format Version 12.00
# Visual Studio Version 16
VisualStudioVersion = 16.0.31019.35
MinimumVisualStudioVersion = 10.0.40219.1
Project("{FAE04EC0-301F-11D3-BF4B-00C04F79EFBC}") = "BlazorApp1.Server", "Server\BlazorApp1.Server.csproj", "{2FFFC1AB-FA1B-40FE-BA39-0A26EA28A3E3}"
EndProject
Project("{FAE04EC0-301F-11D3-BF4B-00C04F79EFBC}") = "BlazorApp1.Client", "Client\BlazorApp1.Client.csproj", "{A2EA4BB2-73DD-4B1D-B18D-6ED0AFCEACEE}"
EndProject
Project("{FAE04EC0-301F-11D3-BF4B-00C04F79EFBC}") = "BlazorApp1.Shared", "Shared\BlazorApp1.Shared.csproj", "{8AD458B6-98BF-4E0E-AB4D-2E97D9DD0D4B}"
EndProject
Global
	GlobalSection(SolutionConfigurationPlatforms) = preSolution
		Debug|Any CPU = Debug|Any CPU
		Release|Any CPU = Release|Any CPU
	EndGlobalSection
	GlobalSection(ProjectConfigurationPlatforms) = postSolution
		{2FFFC1AB-FA1B-40FE-BA39-0A26EA28A3E3}.Debug|Any CPU.ActiveCfg = Debug|Any CPU
		{2FFFC1AB-FA1B-40FE-BA39-0A26EA28A3E3}.Debug|Any CPU.Build.0 = Debug|Any CPU
		{2FFFC1AB-FA1B-40FE-BA39-0A26EA28A3E3}.Release|Any CPU.ActiveCfg = Release|Any CPU
		{2FFFC1AB-FA1B-40FE-BA39-0A26EA28A3E3}.Release|Any CPU.Build.0 = Release|Any CPU
		{A2EA4BB2-73DD-4B1D-B18D-6ED0AFCEACEE}.Debug|Any CPU.ActiveCfg = Debug|Any CPU
		{A2EA4BB2-73DD-4B1D-B18D-6ED0AFCEACEE}.Debug|Any CPU.Build.0 = Debug|Any CPU
		{A2EA4BB2-73DD-4B1D-B18D-6ED0AFCEACEE}.Release|Any CPU.ActiveCfg = Release|Any CPU
		{A2EA4BB2-73DD-4B1D-B18D-6ED0AFCEACEE}.Release|Any CPU.Build.0 = Release|Any CPU
		{8AD458B6-98BF-4E0E-AB4D-2E97D9DD0D4B}.Debug|Any CPU.ActiveCfg = Debug|Any CPU
		{8AD458B6-98BF-4E0E-AB4D-2E97D9DD0D4B}.Debug|Any CPU.Build.0 = Debug|Any CPU
		{8AD458B6-98BF-4E0E-AB4D-2E97D9DD0D4B}.Release|Any CPU.ActiveCfg = Release|Any CPU
		{8AD458B6-98BF-4E0E-AB4D-2E97D9DD0D4B}.Release|Any CPU.Build.0 = Release|Any CPU
	EndGlobalSection
	GlobalSection(SolutionProperties) = preSolution
		HideSolutionNode = FALSE
	EndGlobalSection
	GlobalSection(ExtensibilityGlobals) = postSolution
		SolutionGuid = {D67D3A1A-2B6A-4D29-A2D0-0B75A45F0161}
	EndGlobalSection
EndGlobal
